
Microsoft Visual Studio Solution File, Format Version 12.00
Project("{FAE04EC0-301F-11D3-BF4B-00C04F79EFBC}") = "TH4_Program", "TH4_Program\TH4_Program.csproj", "{EA2D7DE0-AFDE-4D13-86BC-70610DC652FD}"
EndProject
Global
	GlobalSection(SolutionConfigurationPlatforms) = preSolution
		Debug|Any CPU = Debug|Any CPU
		Release|Any CPU = Release|Any CPU
	EndGlobalSection
	GlobalSection(ProjectConfigurationPlatforms) = postSolution
		{EA2D7DE0-AFDE-4D13-86BC-70610DC652FD}.Debug|Any CPU.ActiveCfg = Debug|Any CPU
		{EA2D7DE0-AFDE-4D13-86BC-70610DC652FD}.Debug|Any CPU.Build.0 = Debug|Any CPU
		{EA2D7DE0-AFDE-4D13-86BC-70610DC652FD}.Release|Any CPU.ActiveCfg = Release|Any CPU
		{EA2D7DE0-AFDE-4D13-86BC-70610DC652FD}.Release|Any CPU.Build.0 = Release|Any CPU
	EndGlobalSection
EndGlobal
